// !$*UTF8*$!
{
	archiveVersion = 1;
	classes = {
	};
	objectVersion = 46;
	objects = {

/* Begin PBXBuildFile section */
		B9A554361CC1CCDD005FF6B0 /* AppDelegate.swift in Sources */ = {isa = PBXBuildFile; fileRef = B9A554351CC1CCDD005FF6B0 /* AppDelegate.swift */; };
		B9A5543B1CC1CCDD005FF6B0 /* Main.storyboard in Resources */ = {isa = PBXBuildFile; fileRef = B9A554391CC1CCDD005FF6B0 /* Main.storyboard */; };
		B9A5543D1CC1CCDD005FF6B0 /* Assets.xcassets in Resources */ = {isa = PBXBuildFile; fileRef = B9A5543C1CC1CCDD005FF6B0 /* Assets.xcassets */; };
		B9A554401CC1CCDD005FF6B0 /* LaunchScreen.storyboard in Resources */ = {isa = PBXBuildFile; fileRef = B9A5543E1CC1CCDD005FF6B0 /* LaunchScreen.storyboard */; };
		B9A5544D1CC1D190005FF6B0 /* MainViewController.swift in Sources */ = {isa = PBXBuildFile; fileRef = B9A5544C1CC1D190005FF6B0 /* MainViewController.swift */; };
		B9A554541CC1D49F005FF6B0 /* TesseractOCR.framework in Frameworks */ = {isa = PBXBuildFile; fileRef = B9A554531CC1D49F005FF6B0 /* TesseractOCR.framework */; };
		B9A554561CC1D4C3005FF6B0 /* tessdata in Resources */ = {isa = PBXBuildFile; fileRef = B9A554551CC1D4C3005FF6B0 /* tessdata */; };
		B9A554581CC1D509005FF6B0 /* CoreImage.framework in Frameworks */ = {isa = PBXBuildFile; fileRef = B9A554571CC1D509005FF6B0 /* CoreImage.framework */; };
		B9A5545A1CC1D515005FF6B0 /* libstdc++.tbd in Frameworks */ = {isa = PBXBuildFile; fileRef = B9A554591CC1D515005FF6B0 /* libstdc++.tbd */; };
		B9A554601CC1E2EC005FF6B0 /* Settings.swift in Sources */ = {isa = PBXBuildFile; fileRef = B9A5545F1CC1E2EC005FF6B0 /* Settings.swift */; };
		B9A554631CC1E9DB005FF6B0 /* Ionicons.swift in Sources */ = {isa = PBXBuildFile; fileRef = B9A554621CC1E9DB005FF6B0 /* Ionicons.swift */; };
		B9A554651CC1EA12005FF6B0 /* Ionicons.ttf in Resources */ = {isa = PBXBuildFile; fileRef = B9A554641CC1EA12005FF6B0 /* Ionicons.ttf */; };
		B9A554671CC1EAB6005FF6B0 /* ImageProcessorViewController.swift in Sources */ = {isa = PBXBuildFile; fileRef = B9A554661CC1EAB6005FF6B0 /* ImageProcessorViewController.swift */; };
		B9A554691CC1EAC4005FF6B0 /* TextConfirmViewController.swift in Sources */ = {isa = PBXBuildFile; fileRef = B9A554681CC1EAC4005FF6B0 /* TextConfirmViewController.swift */; };
/* End PBXBuildFile section */

/* Begin PBXFileReference section */
		B9A554321CC1CCDB005FF6B0 /* audio-nomad-ios.app */ = {isa = PBXFileReference; explicitFileType = wrapper.application; includeInIndex = 0; path = "audio-nomad-ios.app"; sourceTree = BUILT_PRODUCTS_DIR; };
		B9A554351CC1CCDD005FF6B0 /* AppDelegate.swift */ = {isa = PBXFileReference; lastKnownFileType = sourcecode.swift; path = AppDelegate.swift; sourceTree = "<group>"; };
		B9A5543A1CC1CCDD005FF6B0 /* Base */ = {isa = PBXFileReference; lastKnownFileType = file.storyboard; name = Base; path = Base.lproj/Main.storyboard; sourceTree = "<group>"; };
		B9A5543C1CC1CCDD005FF6B0 /* Assets.xcassets */ = {isa = PBXFileReference; lastKnownFileType = folder.assetcatalog; path = Assets.xcassets; sourceTree = "<group>"; };
		B9A5543F1CC1CCDD005FF6B0 /* Base */ = {isa = PBXFileReference; lastKnownFileType = file.storyboard; name = Base; path = Base.lproj/LaunchScreen.storyboard; sourceTree = "<group>"; };
		B9A554411CC1CCDD005FF6B0 /* Info.plist */ = {isa = PBXFileReference; lastKnownFileType = text.plist.xml; path = Info.plist; sourceTree = "<group>"; };
		B9A5544C1CC1D190005FF6B0 /* MainViewController.swift */ = {isa = PBXFileReference; fileEncoding = 4; lastKnownFileType = sourcecode.swift; path = MainViewController.swift; sourceTree = "<group>"; };
		B9A554531CC1D49F005FF6B0 /* TesseractOCR.framework */ = {isa = PBXFileReference; lastKnownFileType = wrapper.framework; path = TesseractOCR.framework; sourceTree = "<group>"; };
		B9A554551CC1D4C3005FF6B0 /* tessdata */ = {isa = PBXFileReference; lastKnownFileType = folder; path = tessdata; sourceTree = "<group>"; };
		B9A554571CC1D509005FF6B0 /* CoreImage.framework */ = {isa = PBXFileReference; lastKnownFileType = wrapper.framework; name = CoreImage.framework; path = System/Library/Frameworks/CoreImage.framework; sourceTree = SDKROOT; };
		B9A554591CC1D515005FF6B0 /* libstdc++.tbd */ = {isa = PBXFileReference; lastKnownFileType = "sourcecode.text-based-dylib-definition"; name = "libstdc++.tbd"; path = "usr/lib/libstdc++.tbd"; sourceTree = SDKROOT; };
		B9A5545B1CC1D5B5005FF6B0 /* audio-nomad-ios-Bridging-Header.h */ = {isa = PBXFileReference; lastKnownFileType = sourcecode.c.h; path = "audio-nomad-ios-Bridging-Header.h"; sourceTree = "<group>"; };
		B9A5545F1CC1E2EC005FF6B0 /* Settings.swift */ = {isa = PBXFileReference; fileEncoding = 4; lastKnownFileType = sourcecode.swift; path = Settings.swift; sourceTree = "<group>"; };
		B9A554621CC1E9DB005FF6B0 /* Ionicons.swift */ = {isa = PBXFileReference; fileEncoding = 4; lastKnownFileType = sourcecode.swift; path = Ionicons.swift; sourceTree = "<group>"; };
		B9A554641CC1EA12005FF6B0 /* Ionicons.ttf */ = {isa = PBXFileReference; fileEncoding = 4; lastKnownFileType = text; path = Ionicons.ttf; sourceTree = "<group>"; };
		B9A554661CC1EAB6005FF6B0 /* ImageProcessorViewController.swift */ = {isa = PBXFileReference; fileEncoding = 4; lastKnownFileType = sourcecode.swift; path = ImageProcessorViewController.swift; sourceTree = "<group>"; };
		B9A554681CC1EAC4005FF6B0 /* TextConfirmViewController.swift */ = {isa = PBXFileReference; fileEncoding = 4; lastKnownFileType = sourcecode.swift; path = TextConfirmViewController.swift; sourceTree = "<group>"; };
/* End PBXFileReference section */

/* Begin PBXFrameworksBuildPhase section */
		B9A5542F1CC1CCDB005FF6B0 /* Frameworks */ = {
			isa = PBXFrameworksBuildPhase;
			buildActionMask = 2147483647;
			files = (
				B9A5545A1CC1D515005FF6B0 /* libstdc++.tbd in Frameworks */,
				B9A554581CC1D509005FF6B0 /* CoreImage.framework in Frameworks */,
				B9A554541CC1D49F005FF6B0 /* TesseractOCR.framework in Frameworks */,
			);
			runOnlyForDeploymentPostprocessing = 0;
		};
/* End PBXFrameworksBuildPhase section */

/* Begin PBXGroup section */
		B9A554291CC1CCDB005FF6B0 = {
			isa = PBXGroup;
			children = (
				B9A554341CC1CCDD005FF6B0 /* audio-nomad-ios */,
				B9A554331CC1CCDB005FF6B0 /* Products */,
				B9A5545B1CC1D5B5005FF6B0 /* audio-nomad-ios-Bridging-Header.h */,
			);
			sourceTree = "<group>";
		};
		B9A554331CC1CCDB005FF6B0 /* Products */ = {
			isa = PBXGroup;
			children = (
				B9A554321CC1CCDB005FF6B0 /* audio-nomad-ios.app */,
			);
			name = Products;
			sourceTree = "<group>";
		};
		B9A554341CC1CCDD005FF6B0 /* audio-nomad-ios */ = {
			isa = PBXGroup;
			children = (
				B9A554481CC1CE53005FF6B0 /* Main */,
				B9A554391CC1CCDD005FF6B0 /* Main.storyboard */,
				B9A554471CC1CE46005FF6B0 /* Supporting Files */,
			);
			path = "audio-nomad-ios";
			sourceTree = "<group>";
		};
		B9A554471CC1CE46005FF6B0 /* Supporting Files */ = {
			isa = PBXGroup;
			children = (
				B9A5546A1CC1EB50005FF6B0 /* Frameworks */,
				B9A554611CC1E9BF005FF6B0 /* Resources */,
				B9A5545F1CC1E2EC005FF6B0 /* Settings.swift */,
				B9A554351CC1CCDD005FF6B0 /* AppDelegate.swift */,
				B9A5543C1CC1CCDD005FF6B0 /* Assets.xcassets */,
				B9A554411CC1CCDD005FF6B0 /* Info.plist */,
				B9A5543E1CC1CCDD005FF6B0 /* LaunchScreen.storyboard */,
			);
			name = "Supporting Files";
			sourceTree = "<group>";
		};
		B9A554481CC1CE53005FF6B0 /* Main */ = {
			isa = PBXGroup;
			children = (
				B9A5544F1CC1D1A4005FF6B0 /* Models */,
				B9A5544E1CC1D19C005FF6B0 /* Views */,
				B9A5544B1CC1D17F005FF6B0 /* Controllers */,
			);
			name = Main;
			sourceTree = "<group>";
		};
		B9A5544B1CC1D17F005FF6B0 /* Controllers */ = {
			isa = PBXGroup;
			children = (
				B9A5544C1CC1D190005FF6B0 /* MainViewController.swift */,
				B9A554661CC1EAB6005FF6B0 /* ImageProcessorViewController.swift */,
				B9A554681CC1EAC4005FF6B0 /* TextConfirmViewController.swift */,
			);
			name = Controllers;
			sourceTree = "<group>";
		};
		B9A5544E1CC1D19C005FF6B0 /* Views */ = {
			isa = PBXGroup;
			children = (
			);
			name = Views;
			sourceTree = "<group>";
		};
		B9A5544F1CC1D1A4005FF6B0 /* Models */ = {
			isa = PBXGroup;
			children = (
			);
			name = Models;
			sourceTree = "<group>";
		};
		B9A554611CC1E9BF005FF6B0 /* Resources */ = {
			isa = PBXGroup;
			children = (
				B9A554621CC1E9DB005FF6B0 /* Ionicons.swift */,
				B9A554641CC1EA12005FF6B0 /* Ionicons.ttf */,
			);
			name = Resources;
			sourceTree = "<group>";
		};
		B9A5546A1CC1EB50005FF6B0 /* Frameworks */ = {
			isa = PBXGroup;
			children = (
				B9A554571CC1D509005FF6B0 /* CoreImage.framework */,
				B9A554531CC1D49F005FF6B0 /* TesseractOCR.framework */,
				B9A554591CC1D515005FF6B0 /* libstdc++.tbd */,
				B9A554551CC1D4C3005FF6B0 /* tessdata */,
			);
			name = Frameworks;
			sourceTree = "<group>";
		};
/* End PBXGroup section */

/* Begin PBXNativeTarget section */
		B9A554311CC1CCDB005FF6B0 /* audio-nomad-ios */ = {
			isa = PBXNativeTarget;
			buildConfigurationList = B9A554441CC1CCDD005FF6B0 /* Build configuration list for PBXNativeTarget "audio-nomad-ios" */;
			buildPhases = (
				B9A5542E1CC1CCDB005FF6B0 /* Sources */,
				B9A5542F1CC1CCDB005FF6B0 /* Frameworks */,
				B9A554301CC1CCDB005FF6B0 /* Resources */,
			);
			buildRules = (
			);
			dependencies = (
			);
			name = "audio-nomad-ios";
			productName = "audio-nomad-ios";
			productReference = B9A554321CC1CCDB005FF6B0 /* audio-nomad-ios.app */;
			productType = "com.apple.product-type.application";
		};
/* End PBXNativeTarget section */

/* Begin PBXProject section */
		B9A5542A1CC1CCDB005FF6B0 /* Project object */ = {
			isa = PBXProject;
			attributes = {
				LastSwiftUpdateCheck = 0730;
				LastUpgradeCheck = 0730;
				ORGANIZATIONNAME = thefedoration;
				TargetAttributes = {
					B9A554311CC1CCDB005FF6B0 = {
						CreatedOnToolsVersion = 7.3;
					};
				};
			};
			buildConfigurationList = B9A5542D1CC1CCDB005FF6B0 /* Build configuration list for PBXProject "audio-nomad-ios" */;
			compatibilityVersion = "Xcode 3.2";
			developmentRegion = English;
			hasScannedForEncodings = 0;
			knownRegions = (
				en,
				Base,
			);
			mainGroup = B9A554291CC1CCDB005FF6B0;
			productRefGroup = B9A554331CC1CCDB005FF6B0 /* Products */;
			projectDirPath = "";
			projectRoot = "";
			targets = (
				B9A554311CC1CCDB005FF6B0 /* audio-nomad-ios */,
			);
		};
/* End PBXProject section */

/* Begin PBXResourcesBuildPhase section */
		B9A554301CC1CCDB005FF6B0 /* Resources */ = {
			isa = PBXResourcesBuildPhase;
			buildActionMask = 2147483647;
			files = (
				B9A554401CC1CCDD005FF6B0 /* LaunchScreen.storyboard in Resources */,
				B9A5543D1CC1CCDD005FF6B0 /* Assets.xcassets in Resources */,
				B9A554651CC1EA12005FF6B0 /* Ionicons.ttf in Resources */,
				B9A554561CC1D4C3005FF6B0 /* tessdata in Resources */,
				B9A5543B1CC1CCDD005FF6B0 /* Main.storyboard in Resources */,
			);
			runOnlyForDeploymentPostprocessing = 0;
		};
/* End PBXResourcesBuildPhase section */

/* Begin PBXSourcesBuildPhase section */
		B9A5542E1CC1CCDB005FF6B0 /* Sources */ = {
			isa = PBXSourcesBuildPhase;
			buildActionMask = 2147483647;
			files = (
				B9A554691CC1EAC4005FF6B0 /* TextConfirmViewController.swift in Sources */,
				B9A554631CC1E9DB005FF6B0 /* Ionicons.swift in Sources */,
				B9A5544D1CC1D190005FF6B0 /* MainViewController.swift in Sources */,
				B9A554601CC1E2EC005FF6B0 /* Settings.swift in Sources */,
				B9A554361CC1CCDD005FF6B0 /* AppDelegate.swift in Sources */,
				B9A554671CC1EAB6005FF6B0 /* ImageProcessorViewController.swift in Sources */,
			);
			runOnlyForDeploymentPostprocessing = 0;
		};
/* End PBXSourcesBuildPhase section */

/* Begin PBXVariantGroup section */
		B9A554391CC1CCDD005FF6B0 /* Main.storyboard */ = {
			isa = PBXVariantGroup;
			children = (
				B9A5543A1CC1CCDD005FF6B0 /* Base */,
			);
			name = Main.storyboard;
			sourceTree = "<group>";
		};
		B9A5543E1CC1CCDD005FF6B0 /* LaunchScreen.storyboard */ = {
			isa = PBXVariantGroup;
			children = (
				B9A5543F1CC1CCDD005FF6B0 /* Base */,
			);
			name = LaunchScreen.storyboard;
			sourceTree = "<group>";
		};
/* End PBXVariantGroup section */

/* Begin XCBuildConfiguration section */
		B9A554421CC1CCDD005FF6B0 /* Debug */ = {
			isa = XCBuildConfiguration;
			buildSettings = {
				ALWAYS_SEARCH_USER_PATHS = NO;
				CLANG_ANALYZER_NONNULL = YES;
				CLANG_CXX_LANGUAGE_STANDARD = "gnu++0x";
				CLANG_CXX_LIBRARY = "libc++";
				CLANG_ENABLE_MODULES = YES;
				CLANG_ENABLE_OBJC_ARC = YES;
				CLANG_WARN_BOOL_CONVERSION = YES;
				CLANG_WARN_CONSTANT_CONVERSION = YES;
				CLANG_WARN_DIRECT_OBJC_ISA_USAGE = YES_ERROR;
				CLANG_WARN_EMPTY_BODY = YES;
				CLANG_WARN_ENUM_CONVERSION = YES;
				CLANG_WARN_INT_CONVERSION = YES;
				CLANG_WARN_OBJC_ROOT_CLASS = YES_ERROR;
				CLANG_WARN_UNREACHABLE_CODE = YES;
				CLANG_WARN__DUPLICATE_METHOD_MATCH = YES;
				"CODE_SIGN_IDENTITY[sdk=iphoneos*]" = "iPhone Developer";
				COPY_PHASE_STRIP = NO;
				DEBUG_INFORMATION_FORMAT = dwarf;
				ENABLE_STRICT_OBJC_MSGSEND = YES;
				ENABLE_TESTABILITY = YES;
				GCC_C_LANGUAGE_STANDARD = gnu99;
				GCC_DYNAMIC_NO_PIC = NO;
				GCC_NO_COMMON_BLOCKS = YES;
				GCC_OPTIMIZATION_LEVEL = 0;
				GCC_PREPROCESSOR_DEFINITIONS = (
					"DEBUG=1",
					"$(inherited)",
				);
				GCC_WARN_64_TO_32_BIT_CONVERSION = YES;
				GCC_WARN_ABOUT_RETURN_TYPE = YES_ERROR;
				GCC_WARN_UNDECLARED_SELECTOR = YES;
				GCC_WARN_UNINITIALIZED_AUTOS = YES_AGGRESSIVE;
				GCC_WARN_UNUSED_FUNCTION = YES;
				GCC_WARN_UNUSED_VARIABLE = YES;
				IPHONEOS_DEPLOYMENT_TARGET = 9.3;
				MTL_ENABLE_DEBUG_INFO = YES;
				ONLY_ACTIVE_ARCH = YES;
				SDKROOT = iphoneos;
				SWIFT_OPTIMIZATION_LEVEL = "-Onone";
			};
			name = Debug;
		};
		B9A554431CC1CCDD005FF6B0 /* Release */ = {
			isa = XCBuildConfiguration;
			buildSettings = {
				ALWAYS_SEARCH_USER_PATHS = NO;
				CLANG_ANALYZER_NONNULL = YES;
				CLANG_CXX_LANGUAGE_STANDARD = "gnu++0x";
				CLANG_CXX_LIBRARY = "libc++";
				CLANG_ENABLE_MODULES = YES;
				CLANG_ENABLE_OBJC_ARC = YES;
				CLANG_WARN_BOOL_CONVERSION = YES;
				CLANG_WARN_CONSTANT_CONVERSION = YES;
				CLANG_WARN_DIRECT_OBJC_ISA_USAGE = YES_ERROR;
				CLANG_WARN_EMPTY_BODY = YES;
				CLANG_WARN_ENUM_CONVERSION = YES;
				CLANG_WARN_INT_CONVERSION = YES;
				CLANG_WARN_OBJC_ROOT_CLASS = YES_ERROR;
				CLANG_WARN_UNREACHABLE_CODE = YES;
				CLANG_WARN__DUPLICATE_METHOD_MATCH = YES;
				"CODE_SIGN_IDENTITY[sdk=iphoneos*]" = "iPhone Developer";
				COPY_PHASE_STRIP = NO;
				DEBUG_INFORMATION_FORMAT = "dwarf-with-dsym";
				ENABLE_NS_ASSERTIONS = NO;
				ENABLE_STRICT_OBJC_MSGSEND = YES;
				GCC_C_LANGUAGE_STANDARD = gnu99;
				GCC_NO_COMMON_BLOCKS = YES;
				GCC_WARN_64_TO_32_BIT_CONVERSION = YES;
				GCC_WARN_ABOUT_RETURN_TYPE = YES_ERROR;
				GCC_WARN_UNDECLARED_SELECTOR = YES;
				GCC_WARN_UNINITIALIZED_AUTOS = YES_AGGRESSIVE;
				GCC_WARN_UNUSED_FUNCTION = YES;
				GCC_WARN_UNUSED_VARIABLE = YES;
				IPHONEOS_DEPLOYMENT_TARGET = 9.3;
				MTL_ENABLE_DEBUG_INFO = NO;
				SDKROOT = iphoneos;
				VALIDATE_PRODUCT = YES;
			};
			name = Release;
		};
		B9A554451CC1CCDD005FF6B0 /* Debug */ = {
			isa = XCBuildConfiguration;
			buildSettings = {
				ASSETCATALOG_COMPILER_APPICON_NAME = AppIcon;
				CLANG_CXX_LIBRARY = "compiler-default";
				CLANG_ENABLE_MODULES = YES;
				ENABLE_BITCODE = NO;
				FRAMEWORK_SEARCH_PATHS = (
					"$(inherited)",
					"$(PROJECT_DIR)/audio-nomad-ios",
				);
				INFOPLIST_FILE = "audio-nomad-ios/Info.plist";
				LD_RUNPATH_SEARCH_PATHS = "$(inherited) @executable_path/Frameworks";
				"OTHER_LDFLAGS[arch=*]" = "-lstdc++";
				PRODUCT_BUNDLE_IDENTIFIER = "thefedoration.audio-nomad-ios";
				PRODUCT_NAME = "$(TARGET_NAME)";
				SWIFT_OBJC_BRIDGING_HEADER = "audio-nomad-ios-Bridging-Header.h";
				SWIFT_OPTIMIZATION_LEVEL = "-Onone";
			};
			name = Debug;
		};
		B9A554461CC1CCDD005FF6B0 /* Release */ = {
			isa = XCBuildConfiguration;
			buildSettings = {
				ASSETCATALOG_COMPILER_APPICON_NAME = AppIcon;
				CLANG_CXX_LIBRARY = "compiler-default";
				CLANG_ENABLE_MODULES = YES;
				ENABLE_BITCODE = NO;
				FRAMEWORK_SEARCH_PATHS = (
					"$(inherited)",
					"$(PROJECT_DIR)/audio-nomad-ios",
				);
				INFOPLIST_FILE = "audio-nomad-ios/Info.plist";
				LD_RUNPATH_SEARCH_PATHS = "$(inherited) @executable_path/Frameworks";
				"OTHER_LDFLAGS[arch=*]" = "-lstdc++";
				PRODUCT_BUNDLE_IDENTIFIER = "thefedoration.audio-nomad-ios";
				PRODUCT_NAME = "$(TARGET_NAME)";
				SWIFT_OBJC_BRIDGING_HEADER = "audio-nomad-ios-Bridging-Header.h";
			};
			name = Release;
		};
/* End XCBuildConfiguration section */

/* Begin XCConfigurationList section */
		B9A5542D1CC1CCDB005FF6B0 /* Build configuration list for PBXProject "audio-nomad-ios" */ = {
			isa = XCConfigurationList;
			buildConfigurations = (
				B9A554421CC1CCDD005FF6B0 /* Debug */,
				B9A554431CC1CCDD005FF6B0 /* Release */,
			);
			defaultConfigurationIsVisible = 0;
			defaultConfigurationName = Release;
		};
		B9A554441CC1CCDD005FF6B0 /* Build configuration list for PBXNativeTarget "audio-nomad-ios" */ = {
			isa = XCConfigurationList;
			buildConfigurations = (
				B9A554451CC1CCDD005FF6B0 /* Debug */,
				B9A554461CC1CCDD005FF6B0 /* Release */,
			);
			defaultConfigurationIsVisible = 0;
			defaultConfigurationName = Release;
		};
/* End XCConfigurationList section */
	};
	rootObject = B9A5542A1CC1CCDB005FF6B0 /* Project object */;
}
